
Microsoft Visual Studio Solution File, Format Version 12.00
# Visual Studio 2013
VisualStudioVersion = 12.0.31101.0
MinimumVisualStudioVersion = 10.0.40219.1
Project("{2150E333-8FDC-42A3-9474-1A3956D46DE8}") = "Dependencies", "Dependencies", "{F853D424-5C17-4EE3-BA08-283B65C34A16}"
EndProject
Project("{FAE04EC0-301F-11D3-BF4B-00C04F79EFBC}") = "SharpMapillaryCLI", "SharpMapillaryCLI\SharpMapillaryCLI.csproj", "{D3772F83-9A83-475D-AEAA-66C467B845D5}"
EndProject
Project("{FAE04EC0-301F-11D3-BF4B-00C04F79EFBC}") = "ExifLibrary", "libs\ExifTools\ExifLibrary\ExifLibrary.csproj", "{C29BA585-E27B-4AD0-9AD1-490B5E0E2A5E}"
EndProject
Project("{FAE04EC0-301F-11D3-BF4B-00C04F79EFBC}") = "SharpMapillary", "SharpMapillary\SharpMapillary.csproj", "{CB98A029-2837-49DF-968F-C74CBDCC3EDD}"
EndProject
Project("{FAE04EC0-301F-11D3-BF4B-00C04F79EFBC}") = "SharpMapillaryWPF", "SharpMapillaryWPF\SharpMapillaryWPF.csproj", "{B1D5F518-1A3B-43F4-AE43-D1E77D3DA7CF}"
EndProject
Project("{FAE04EC0-301F-11D3-BF4B-00C04F79EFBC}") = "Eunomia", "libs\Eunomia\Eunomia\Eunomia.csproj", "{1DF1A588-33B1-4168-9487-604FE5680681}"
EndProject
Project("{FAE04EC0-301F-11D3-BF4B-00C04F79EFBC}") = "Styx", "libs\Styx\Styx\Styx.csproj", "{3949790D-8591-4101-9E4D-CE7A758E7409}"
EndProject
Project("{FAE04EC0-301F-11D3-BF4B-00C04F79EFBC}") = "Styx.NET4.5", "libs\Styx\Styx.NET4.5\Styx.NET4.5.csproj", "{AF76ECC0-2CA5-4CFF-9E1E-FF5478C4B6E4}"
EndProject
Project("{FAE04EC0-301F-11D3-BF4B-00C04F79EFBC}") = "Balder", "libs\Balder\Balder\Balder.csproj", "{D2B4E7C7-0524-4DE5-9D62-2DE05682A74D}"
EndProject
Project("{FAE04EC0-301F-11D3-BF4B-00C04F79EFBC}") = "BalderGraphs", "libs\Balder\BalderGraphs\BalderGraphs.csproj", "{562AC94F-60EA-4911-8C62-684F02867783}"
EndProject
Project("{FAE04EC0-301F-11D3-BF4B-00C04F79EFBC}") = "AegirMapControl", "libs\Aegir\AegirMapControl\AegirMapControl.csproj", "{17FC3955-9E9E-4358-A666-A3CD53CCDCE5}"
EndProject
Project("{FAE04EC0-301F-11D3-BF4B-00C04F79EFBC}") = "Aegir", "libs\Aegir\Aegir\Aegir.csproj", "{4D8FFCCD-738D-41AA-A527-8CFDFE0A681D}"
EndProject
Project("{FAE04EC0-301F-11D3-BF4B-00C04F79EFBC}") = "AegirTilesClient", "libs\Aegir\AegirTilesClient\AegirTilesClient.csproj", "{D6A73280-9D66-4509-9131-3F379E8A3F5A}"
EndProject
Project("{FAE04EC0-301F-11D3-BF4B-00C04F79EFBC}") = "Hermod", "libs\Hermod\Hermod\Hermod.csproj", "{477EFD16-3627-4473-957D-44CA9A9DFB79}"
EndProject
Project("{FAE04EC0-301F-11D3-BF4B-00C04F79EFBC}") = "Illias", "libs\Illias\Illias\Illias.csproj", "{E156F18D-D41C-4529-9BCC-9962E6EE25DA}"
EndProject
Project("{FAE04EC0-301F-11D3-BF4B-00C04F79EFBC}") = "Illias.NET4.5", "libs\Illias\Illias.NET4.5\Illias.NET4.5.csproj", "{23D37453-2D4E-4BD8-B40F-3E731FEE7712}"
EndProject
Global
	GlobalSection(SolutionConfigurationPlatforms) = preSolution
		Debug|Any CPU = Debug|Any CPU
		Release|Any CPU = Release|Any CPU
	EndGlobalSection
	GlobalSection(ProjectConfigurationPlatforms) = postSolution
		{D3772F83-9A83-475D-AEAA-66C467B845D5}.Debug|Any CPU.ActiveCfg = Debug|Any CPU
		{D3772F83-9A83-475D-AEAA-66C467B845D5}.Debug|Any CPU.Build.0 = Debug|Any CPU
		{D3772F83-9A83-475D-AEAA-66C467B845D5}.Release|Any CPU.ActiveCfg = Release|Any CPU
		{D3772F83-9A83-475D-AEAA-66C467B845D5}.Release|Any CPU.Build.0 = Release|Any CPU
		{C29BA585-E27B-4AD0-9AD1-490B5E0E2A5E}.Debug|Any CPU.ActiveCfg = Debug|Any CPU
		{C29BA585-E27B-4AD0-9AD1-490B5E0E2A5E}.Debug|Any CPU.Build.0 = Debug|Any CPU
		{C29BA585-E27B-4AD0-9AD1-490B5E0E2A5E}.Release|Any CPU.ActiveCfg = Release|Any CPU
		{C29BA585-E27B-4AD0-9AD1-490B5E0E2A5E}.Release|Any CPU.Build.0 = Release|Any CPU
		{CB98A029-2837-49DF-968F-C74CBDCC3EDD}.Debug|Any CPU.ActiveCfg = Debug|Any CPU
		{CB98A029-2837-49DF-968F-C74CBDCC3EDD}.Debug|Any CPU.Build.0 = Debug|Any CPU
		{CB98A029-2837-49DF-968F-C74CBDCC3EDD}.Release|Any CPU.ActiveCfg = Release|Any CPU
		{CB98A029-2837-49DF-968F-C74CBDCC3EDD}.Release|Any CPU.Build.0 = Release|Any CPU
		{B1D5F518-1A3B-43F4-AE43-D1E77D3DA7CF}.Debug|Any CPU.ActiveCfg = Debug|Any CPU
		{B1D5F518-1A3B-43F4-AE43-D1E77D3DA7CF}.Debug|Any CPU.Build.0 = Debug|Any CPU
		{B1D5F518-1A3B-43F4-AE43-D1E77D3DA7CF}.Release|Any CPU.ActiveCfg = Release|Any CPU
		{B1D5F518-1A3B-43F4-AE43-D1E77D3DA7CF}.Release|Any CPU.Build.0 = Release|Any CPU
		{1DF1A588-33B1-4168-9487-604FE5680681}.Debug|Any CPU.ActiveCfg = Debug|Any CPU
		{1DF1A588-33B1-4168-9487-604FE5680681}.Debug|Any CPU.Build.0 = Debug|Any CPU
		{1DF1A588-33B1-4168-9487-604FE5680681}.Release|Any CPU.ActiveCfg = Release|Any CPU
		{1DF1A588-33B1-4168-9487-604FE5680681}.Release|Any CPU.Build.0 = Release|Any CPU
		{3949790D-8591-4101-9E4D-CE7A758E7409}.Debug|Any CPU.ActiveCfg = Debug|Any CPU
		{3949790D-8591-4101-9E4D-CE7A758E7409}.Debug|Any CPU.Build.0 = Debug|Any CPU
		{3949790D-8591-4101-9E4D-CE7A758E7409}.Release|Any CPU.ActiveCfg = Release|Any CPU
		{3949790D-8591-4101-9E4D-CE7A758E7409}.Release|Any CPU.Build.0 = Release|Any CPU
		{AF76ECC0-2CA5-4CFF-9E1E-FF5478C4B6E4}.Debug|Any CPU.ActiveCfg = Debug|Any CPU
		{AF76ECC0-2CA5-4CFF-9E1E-FF5478C4B6E4}.Debug|Any CPU.Build.0 = Debug|Any CPU
		{AF76ECC0-2CA5-4CFF-9E1E-FF5478C4B6E4}.Release|Any CPU.ActiveCfg = Release|Any CPU
		{AF76ECC0-2CA5-4CFF-9E1E-FF5478C4B6E4}.Release|Any CPU.Build.0 = Release|Any CPU
		{D2B4E7C7-0524-4DE5-9D62-2DE05682A74D}.Debug|Any CPU.ActiveCfg = Debug|Any CPU
		{D2B4E7C7-0524-4DE5-9D62-2DE05682A74D}.Debug|Any CPU.Build.0 = Debug|Any CPU
		{D2B4E7C7-0524-4DE5-9D62-2DE05682A74D}.Release|Any CPU.ActiveCfg = Release|Any CPU
		{D2B4E7C7-0524-4DE5-9D62-2DE05682A74D}.Release|Any CPU.Build.0 = Release|Any CPU
		{562AC94F-60EA-4911-8C62-684F02867783}.Debug|Any CPU.ActiveCfg = Debug|Any CPU
		{562AC94F-60EA-4911-8C62-684F02867783}.Debug|Any CPU.Build.0 = Debug|Any CPU
		{562AC94F-60EA-4911-8C62-684F02867783}.Release|Any CPU.ActiveCfg = Release|Any CPU
		{562AC94F-60EA-4911-8C62-684F02867783}.Release|Any CPU.Build.0 = Release|Any CPU
		{17FC3955-9E9E-4358-A666-A3CD53CCDCE5}.Debug|Any CPU.ActiveCfg = Debug|Any CPU
		{17FC3955-9E9E-4358-A666-A3CD53CCDCE5}.Debug|Any CPU.Build.0 = Debug|Any CPU
		{17FC3955-9E9E-4358-A666-A3CD53CCDCE5}.Release|Any CPU.ActiveCfg = Release|Any CPU
		{17FC3955-9E9E-4358-A666-A3CD53CCDCE5}.Release|Any CPU.Build.0 = Release|Any CPU
		{4D8FFCCD-738D-41AA-A527-8CFDFE0A681D}.Debug|Any CPU.ActiveCfg = Debug|Any CPU
		{4D8FFCCD-738D-41AA-A527-8CFDFE0A681D}.Debug|Any CPU.Build.0 = Debug|Any CPU
		{4D8FFCCD-738D-41AA-A527-8CFDFE0A681D}.Release|Any CPU.ActiveCfg = Release|Any CPU
		{4D8FFCCD-738D-41AA-A527-8CFDFE0A681D}.Release|Any CPU.Build.0 = Release|Any CPU
		{D6A73280-9D66-4509-9131-3F379E8A3F5A}.Debug|Any CPU.ActiveCfg = Debug|Any CPU
		{D6A73280-9D66-4509-9131-3F379E8A3F5A}.Debug|Any CPU.Build.0 = Debug|Any CPU
		{D6A73280-9D66-4509-9131-3F379E8A3F5A}.Release|Any CPU.ActiveCfg = Release|Any CPU
		{D6A73280-9D66-4509-9131-3F379E8A3F5A}.Release|Any CPU.Build.0 = Release|Any CPU
		{477EFD16-3627-4473-957D-44CA9A9DFB79}.Debug|Any CPU.ActiveCfg = Debug|Any CPU
		{477EFD16-3627-4473-957D-44CA9A9DFB79}.Debug|Any CPU.Build.0 = Debug|Any CPU
		{477EFD16-3627-4473-957D-44CA9A9DFB79}.Release|Any CPU.ActiveCfg = Release|Any CPU
		{477EFD16-3627-4473-957D-44CA9A9DFB79}.Release|Any CPU.Build.0 = Release|Any CPU
		{E156F18D-D41C-4529-9BCC-9962E6EE25DA}.Debug|Any CPU.ActiveCfg = Debug|Any CPU
		{E156F18D-D41C-4529-9BCC-9962E6EE25DA}.Debug|Any CPU.Build.0 = Debug|Any CPU
		{E156F18D-D41C-4529-9BCC-9962E6EE25DA}.Release|Any CPU.ActiveCfg = Release|Any CPU
		{E156F18D-D41C-4529-9BCC-9962E6EE25DA}.Release|Any CPU.Build.0 = Release|Any CPU
		{23D37453-2D4E-4BD8-B40F-3E731FEE7712}.Debug|Any CPU.ActiveCfg = Debug|Any CPU
		{23D37453-2D4E-4BD8-B40F-3E731FEE7712}.Debug|Any CPU.Build.0 = Debug|Any CPU
		{23D37453-2D4E-4BD8-B40F-3E731FEE7712}.Release|Any CPU.ActiveCfg = Release|Any CPU
		{23D37453-2D4E-4BD8-B40F-3E731FEE7712}.Release|Any CPU.Build.0 = Release|Any CPU
	EndGlobalSection
	GlobalSection(SolutionProperties) = preSolution
		HideSolutionNode = FALSE
	EndGlobalSection
	GlobalSection(NestedProjects) = preSolution
		{C29BA585-E27B-4AD0-9AD1-490B5E0E2A5E} = {F853D424-5C17-4EE3-BA08-283B65C34A16}
		{1DF1A588-33B1-4168-9487-604FE5680681} = {F853D424-5C17-4EE3-BA08-283B65C34A16}
		{3949790D-8591-4101-9E4D-CE7A758E7409} = {F853D424-5C17-4EE3-BA08-283B65C34A16}
		{AF76ECC0-2CA5-4CFF-9E1E-FF5478C4B6E4} = {F853D424-5C17-4EE3-BA08-283B65C34A16}
		{D2B4E7C7-0524-4DE5-9D62-2DE05682A74D} = {F853D424-5C17-4EE3-BA08-283B65C34A16}
		{562AC94F-60EA-4911-8C62-684F02867783} = {F853D424-5C17-4EE3-BA08-283B65C34A16}
		{17FC3955-9E9E-4358-A666-A3CD53CCDCE5} = {F853D424-5C17-4EE3-BA08-283B65C34A16}
		{4D8FFCCD-738D-41AA-A527-8CFDFE0A681D} = {F853D424-5C17-4EE3-BA08-283B65C34A16}
		{D6A73280-9D66-4509-9131-3F379E8A3F5A} = {F853D424-5C17-4EE3-BA08-283B65C34A16}
		{477EFD16-3627-4473-957D-44CA9A9DFB79} = {F853D424-5C17-4EE3-BA08-283B65C34A16}
		{E156F18D-D41C-4529-9BCC-9962E6EE25DA} = {F853D424-5C17-4EE3-BA08-283B65C34A16}
		{23D37453-2D4E-4BD8-B40F-3E731FEE7712} = {F853D424-5C17-4EE3-BA08-283B65C34A16}
	EndGlobalSection
	GlobalSection(MonoDevelopProperties) = preSolution
		StartupItem = ExifTest\ExifTest.csproj
	EndGlobalSection
EndGlobal
